
Microsoft Visual Studio Solution File, Format Version 12.00
# Visual Studio Version 16
VisualStudioVersion = 16.0.31019.35
MinimumVisualStudioVersion = 10.0.40219.1
Project("{9A19103F-16F7-4668-BE54-9A1E7A4F7556}") = "FakeCSV", "FakeCSV\FakeCSV.csproj", "{70D3EBEE-6427-4372-9EB4-991B643D14D4}"
EndProject
Project("{9A19103F-16F7-4668-BE54-9A1E7A4F7556}") = "FakeCSV.Domain", "FakeCSV.Domain\FakeCSV.Domain.csproj", "{A0E62B94-0B2A-4218-8EC3-11E3C01C87EE}"
EndProject
Project("{FAE04EC0-301F-11D3-BF4B-00C04F79EFBC}") = "FakeCSV.DAL", "FakeCSV.DAL\FakeCSV.DAL.csproj", "{1544586E-5836-4923-99E8-BF85F16491B9}"
EndProject
Global
	GlobalSection(SolutionConfigurationPlatforms) = preSolution
		Debug|Any CPU = Debug|Any CPU
		Release|Any CPU = Release|Any CPU
	EndGlobalSection
	GlobalSection(ProjectConfigurationPlatforms) = postSolution
		{70D3EBEE-6427-4372-9EB4-991B643D14D4}.Debug|Any CPU.ActiveCfg = Debug|Any CPU
		{70D3EBEE-6427-4372-9EB4-991B643D14D4}.Debug|Any CPU.Build.0 = Debug|Any CPU
		{70D3EBEE-6427-4372-9EB4-991B643D14D4}.Release|Any CPU.ActiveCfg = Release|Any CPU
		{70D3EBEE-6427-4372-9EB4-991B643D14D4}.Release|Any CPU.Build.0 = Release|Any CPU
		{A0E62B94-0B2A-4218-8EC3-11E3C01C87EE}.Debug|Any CPU.ActiveCfg = Debug|Any CPU
		{A0E62B94-0B2A-4218-8EC3-11E3C01C87EE}.Debug|Any CPU.Build.0 = Debug|Any CPU
		{A0E62B94-0B2A-4218-8EC3-11E3C01C87EE}.Release|Any CPU.ActiveCfg = Release|Any CPU
		{A0E62B94-0B2A-4218-8EC3-11E3C01C87EE}.Release|Any CPU.Build.0 = Release|Any CPU
		{1544586E-5836-4923-99E8-BF85F16491B9}.Debug|Any CPU.ActiveCfg = Debug|Any CPU
		{1544586E-5836-4923-99E8-BF85F16491B9}.Debug|Any CPU.Build.0 = Debug|Any CPU
		{1544586E-5836-4923-99E8-BF85F16491B9}.Release|Any CPU.ActiveCfg = Release|Any CPU
		{1544586E-5836-4923-99E8-BF85F16491B9}.Release|Any CPU.Build.0 = Release|Any CPU
	EndGlobalSection
	GlobalSection(SolutionProperties) = preSolution
		HideSolutionNode = FALSE
	EndGlobalSection
	GlobalSection(ExtensibilityGlobals) = postSolution
		SolutionGuid = {5F0F48C8-A67A-4EB1-895F-6D1DCA993AEE}
	EndGlobalSection
EndGlobal
